// !$*UTF8*$!
{
	archiveVersion = 1;
	classes = {
	};
	objectVersion = 56;
	objects = {

/* Begin PBXBuildFile section */
		263412502BCA54B300A16B44 /* varonMatrisApp.swift in Sources */ = {isa = PBXBuildFile; fileRef = 2634124F2BCA54B300A16B44 /* varonMatrisApp.swift */; };
		263412522BCA54B300A16B44 /* ContentView.swift in Sources */ = {isa = PBXBuildFile; fileRef = 263412512BCA54B300A16B44 /* ContentView.swift */; };
		263412542BCA54B500A16B44 /* Assets.xcassets in Resources */ = {isa = PBXBuildFile; fileRef = 263412532BCA54B500A16B44 /* Assets.xcassets */; };
		263412582BCA54B500A16B44 /* Preview Assets.xcassets in Resources */ = {isa = PBXBuildFile; fileRef = 263412572BCA54B500A16B44 /* Preview Assets.xcassets */; };
		263412622BCA54B500A16B44 /* varonMatrisTests.swift in Sources */ = {isa = PBXBuildFile; fileRef = 263412612BCA54B500A16B44 /* varonMatrisTests.swift */; };
		2634126C2BCA54B600A16B44 /* varonMatrisUITests.swift in Sources */ = {isa = PBXBuildFile; fileRef = 2634126B2BCA54B600A16B44 /* varonMatrisUITests.swift */; };
		2634126E2BCA54B600A16B44 /* varonMatrisUITestsLaunchTests.swift in Sources */ = {isa = PBXBuildFile; fileRef = 2634126D2BCA54B600A16B44 /* varonMatrisUITestsLaunchTests.swift */; };
/* End PBXBuildFile section */

/* Begin PBXContainerItemProxy section */
		2634125E2BCA54B500A16B44 /* PBXContainerItemProxy */ = {
			isa = PBXContainerItemProxy;
			containerPortal = 263412442BCA54B300A16B44 /* Project object */;
			proxyType = 1;
			remoteGlobalIDString = 2634124B2BCA54B300A16B44;
			remoteInfo = varonMatris;
		};
		263412682BCA54B600A16B44 /* PBXContainerItemProxy */ = {
			isa = PBXContainerItemProxy;
			containerPortal = 263412442BCA54B300A16B44 /* Project object */;
			proxyType = 1;
			remoteGlobalIDString = 2634124B2BCA54B300A16B44;
			remoteInfo = varonMatris;
		};
/* End PBXContainerItemProxy section */

/* Begin PBXFileReference section */
		2634124C2BCA54B300A16B44 /* varonMatris.app */ = {isa = PBXFileReference; explicitFileType = wrapper.application; includeInIndex = 0; path = varonMatris.app; sourceTree = BUILT_PRODUCTS_DIR; };
		2634124F2BCA54B300A16B44 /* varonMatrisApp.swift */ = {isa = PBXFileReference; lastKnownFileType = sourcecode.swift; path = varonMatrisApp.swift; sourceTree = "<group>"; };
		263412512BCA54B300A16B44 /* ContentView.swift */ = {isa = PBXFileReference; lastKnownFileType = sourcecode.swift; path = ContentView.swift; sourceTree = "<group>"; };
		263412532BCA54B500A16B44 /* Assets.xcassets */ = {isa = PBXFileReference; lastKnownFileType = folder.assetcatalog; path = Assets.xcassets; sourceTree = "<group>"; };
		263412552BCA54B500A16B44 /* varonMatris.entitlements */ = {isa = PBXFileReference; lastKnownFileType = text.plist.entitlements; path = varonMatris.entitlements; sourceTree = "<group>"; };
		263412572BCA54B500A16B44 /* Preview Assets.xcassets */ = {isa = PBXFileReference; lastKnownFileType = folder.assetcatalog; path = "Preview Assets.xcassets"; sourceTree = "<group>"; };
		2634125D2BCA54B500A16B44 /* varonMatrisTests.xctest */ = {isa = PBXFileReference; explicitFileType = wrapper.cfbundle; includeInIndex = 0; path = varonMatrisTests.xctest; sourceTree = BUILT_PRODUCTS_DIR; };
		263412612BCA54B500A16B44 /* varonMatrisTests.swift */ = {isa = PBXFileReference; lastKnownFileType = sourcecode.swift; path = varonMatrisTests.swift; sourceTree = "<group>"; };
		263412672BCA54B600A16B44 /* varonMatrisUITests.xctest */ = {isa = PBXFileReference; explicitFileType = wrapper.cfbundle; includeInIndex = 0; path = varonMatrisUITests.xctest; sourceTree = BUILT_PRODUCTS_DIR; };
		2634126B2BCA54B600A16B44 /* varonMatrisUITests.swift */ = {isa = PBXFileReference; lastKnownFileType = sourcecode.swift; path = varonMatrisUITests.swift; sourceTree = "<group>"; };
		2634126D2BCA54B600A16B44 /* varonMatrisUITestsLaunchTests.swift */ = {isa = PBXFileReference; lastKnownFileType = sourcecode.swift; path = varonMatrisUITestsLaunchTests.swift; sourceTree = "<group>"; };
/* End PBXFileReference section */

/* Begin PBXFrameworksBuildPhase section */
		263412492BCA54B300A16B44 /* Frameworks */ = {
			isa = PBXFrameworksBuildPhase;
			buildActionMask = 2147483647;
			files = (
			);
			runOnlyForDeploymentPostprocessing = 0;
		};
		2634125A2BCA54B500A16B44 /* Frameworks */ = {
			isa = PBXFrameworksBuildPhase;
			buildActionMask = 2147483647;
			files = (
			);
			runOnlyForDeploymentPostprocessing = 0;
		};
		263412642BCA54B600A16B44 /* Frameworks */ = {
			isa = PBXFrameworksBuildPhase;
			buildActionMask = 2147483647;
			files = (
			);
			runOnlyForDeploymentPostprocessing = 0;
		};
/* End PBXFrameworksBuildPhase section */

/* Begin PBXGroup section */
		263412432BCA54B300A16B44 = {
			isa = PBXGroup;
			children = (
				2634124E2BCA54B300A16B44 /* varonMatris */,
				263412602BCA54B500A16B44 /* varonMatrisTests */,
				2634126A2BCA54B600A16B44 /* varonMatrisUITests */,
				2634124D2BCA54B300A16B44 /* Products */,
			);
			sourceTree = "<group>";
		};
		2634124D2BCA54B300A16B44 /* Products */ = {
			isa = PBXGroup;
			children = (
				2634124C2BCA54B300A16B44 /* varonMatris.app */,
				2634125D2BCA54B500A16B44 /* varonMatrisTests.xctest */,
				263412672BCA54B600A16B44 /* varonMatrisUITests.xctest */,
			);
			name = Products;
			sourceTree = "<group>";
		};
		2634124E2BCA54B300A16B44 /* varonMatris */ = {
			isa = PBXGroup;
			children = (
				2634124F2BCA54B300A16B44 /* varonMatrisApp.swift */,
				263412512BCA54B300A16B44 /* ContentView.swift */,
				263412532BCA54B500A16B44 /* Assets.xcassets */,
				263412552BCA54B500A16B44 /* varonMatris.entitlements */,
				263412562BCA54B500A16B44 /* Preview Content */,
			);
			path = varonMatris;
			sourceTree = "<group>";
		};
		263412562BCA54B500A16B44 /* Preview Content */ = {
			isa = PBXGroup;
			children = (
				263412572BCA54B500A16B44 /* Preview Assets.xcassets */,
			);
			path = "Preview Content";
			sourceTree = "<group>";
		};
		263412602BCA54B500A16B44 /* varonMatrisTests */ = {
			isa = PBXGroup;
			children = (
				263412612BCA54B500A16B44 /* varonMatrisTests.swift */,
			);
			path = varonMatrisTests;
			sourceTree = "<group>";
		};
		2634126A2BCA54B600A16B44 /* varonMatrisUITests */ = {
			isa = PBXGroup;
			children = (
				2634126B2BCA54B600A16B44 /* varonMatrisUITests.swift */,
				2634126D2BCA54B600A16B44 /* varonMatrisUITestsLaunchTests.swift */,
			);
			path = varonMatrisUITests;
			sourceTree = "<group>";
		};
/* End PBXGroup section */

/* Begin PBXNativeTarget section */
		2634124B2BCA54B300A16B44 /* varonMatris */ = {
			isa = PBXNativeTarget;
			buildConfigurationList = 263412712BCA54B600A16B44 /* Build configuration list for PBXNativeTarget "varonMatris" */;
			buildPhases = (
				263412482BCA54B300A16B44 /* Sources */,
				263412492BCA54B300A16B44 /* Frameworks */,
				2634124A2BCA54B300A16B44 /* Resources */,
			);
			buildRules = (
			);
			dependencies = (
			);
			name = varonMatris;
			productName = varonMatris;
			productReference = 2634124C2BCA54B300A16B44 /* varonMatris.app */;
			productType = "com.apple.product-type.application";
		};
		2634125C2BCA54B500A16B44 /* varonMatrisTests */ = {
			isa = PBXNativeTarget;
			buildConfigurationList = 263412742BCA54B600A16B44 /* Build configuration list for PBXNativeTarget "varonMatrisTests" */;
			buildPhases = (
				263412592BCA54B500A16B44 /* Sources */,
				2634125A2BCA54B500A16B44 /* Frameworks */,
				2634125B2BCA54B500A16B44 /* Resources */,
			);
			buildRules = (
			);
			dependencies = (
				2634125F2BCA54B500A16B44 /* PBXTargetDependency */,
			);
			name = varonMatrisTests;
			productName = varonMatrisTests;
			productReference = 2634125D2BCA54B500A16B44 /* varonMatrisTests.xctest */;
			productType = "com.apple.product-type.bundle.unit-test";
		};
		263412662BCA54B600A16B44 /* varonMatrisUITests */ = {
			isa = PBXNativeTarget;
			buildConfigurationList = 263412772BCA54B600A16B44 /* Build configuration list for PBXNativeTarget "varonMatrisUITests" */;
			buildPhases = (
				263412632BCA54B600A16B44 /* Sources */,
				263412642BCA54B600A16B44 /* Frameworks */,
				263412652BCA54B600A16B44 /* Resources */,
			);
			buildRules = (
			);
			dependencies = (
				263412692BCA54B600A16B44 /* PBXTargetDependency */,
			);
			name = varonMatrisUITests;
			productName = varonMatrisUITests;
			productReference = 263412672BCA54B600A16B44 /* varonMatrisUITests.xctest */;
			productType = "com.apple.product-type.bundle.ui-testing";
		};
/* End PBXNativeTarget section */

/* Begin PBXProject section */
		263412442BCA54B300A16B44 /* Project object */ = {
			isa = PBXProject;
			attributes = {
				BuildIndependentTargetsInParallel = 1;
				LastSwiftUpdateCheck = 1520;
				LastUpgradeCheck = 1520;
				TargetAttributes = {
					2634124B2BCA54B300A16B44 = {
						CreatedOnToolsVersion = 15.2;
					};
					2634125C2BCA54B500A16B44 = {
						CreatedOnToolsVersion = 15.2;
						TestTargetID = 2634124B2BCA54B300A16B44;
					};
					263412662BCA54B600A16B44 = {
						CreatedOnToolsVersion = 15.2;
						TestTargetID = 2634124B2BCA54B300A16B44;
					};
				};
			};
			buildConfigurationList = 263412472BCA54B300A16B44 /* Build configuration list for PBXProject "varonMatris" */;
			compatibilityVersion = "Xcode 14.0";
			developmentRegion = en;
			hasScannedForEncodings = 0;
			knownRegions = (
				en,
				Base,
			);
			mainGroup = 263412432BCA54B300A16B44;
			productRefGroup = 2634124D2BCA54B300A16B44 /* Products */;
			projectDirPath = "";
			projectRoot = "";
			targets = (
				2634124B2BCA54B300A16B44 /* varonMatris */,
				2634125C2BCA54B500A16B44 /* varonMatrisTests */,
				263412662BCA54B600A16B44 /* varonMatrisUITests */,
			);
		};
/* End PBXProject section */

/* Begin PBXResourcesBuildPhase section */
		2634124A2BCA54B300A16B44 /* Resources */ = {
			isa = PBXResourcesBuildPhase;
			buildActionMask = 2147483647;
			files = (
				263412582BCA54B500A16B44 /* Preview Assets.xcassets in Resources */,
				263412542BCA54B500A16B44 /* Assets.xcassets in Resources */,
			);
			runOnlyForDeploymentPostprocessing = 0;
		};
		2634125B2BCA54B500A16B44 /* Resources */ = {
			isa = PBXResourcesBuildPhase;
			buildActionMask = 2147483647;
			files = (
			);
			runOnlyForDeploymentPostprocessing = 0;
		};
		263412652BCA54B600A16B44 /* Resources */ = {
			isa = PBXResourcesBuildPhase;
			buildActionMask = 2147483647;
			files = (
			);
			runOnlyForDeploymentPostprocessing = 0;
		};
/* End PBXResourcesBuildPhase section */

/* Begin PBXSourcesBuildPhase section */
		263412482BCA54B300A16B44 /* Sources */ = {
			isa = PBXSourcesBuildPhase;
			buildActionMask = 2147483647;
			files = (
				263412522BCA54B300A16B44 /* ContentView.swift in Sources */,
				263412502BCA54B300A16B44 /* varonMatrisApp.swift in Sources */,
			);
			runOnlyForDeploymentPostprocessing = 0;
		};
		263412592BCA54B500A16B44 /* Sources */ = {
			isa = PBXSourcesBuildPhase;
			buildActionMask = 2147483647;
			files = (
				263412622BCA54B500A16B44 /* varonMatrisTests.swift in Sources */,
			);
			runOnlyForDeploymentPostprocessing = 0;
		};
		263412632BCA54B600A16B44 /* Sources */ = {
			isa = PBXSourcesBuildPhase;
			buildActionMask = 2147483647;
			files = (
				2634126C2BCA54B600A16B44 /* varonMatrisUITests.swift in Sources */,
				2634126E2BCA54B600A16B44 /* varonMatrisUITestsLaunchTests.swift in Sources */,
			);
			runOnlyForDeploymentPostprocessing = 0;
		};
/* End PBXSourcesBuildPhase section */

/* Begin PBXTargetDependency section */
		2634125F2BCA54B500A16B44 /* PBXTargetDependency */ = {
			isa = PBXTargetDependency;
			target = 2634124B2BCA54B300A16B44 /* varonMatris */;
			targetProxy = 2634125E2BCA54B500A16B44 /* PBXContainerItemProxy */;
		};
		263412692BCA54B600A16B44 /* PBXTargetDependency */ = {
			isa = PBXTargetDependency;
			target = 2634124B2BCA54B300A16B44 /* varonMatris */;
			targetProxy = 263412682BCA54B600A16B44 /* PBXContainerItemProxy */;
		};
/* End PBXTargetDependency section */

/* Begin XCBuildConfiguration section */
		2634126F2BCA54B600A16B44 /* Debug */ = {
			isa = XCBuildConfiguration;
			buildSettings = {
				ALWAYS_SEARCH_USER_PATHS = NO;
				ASSETCATALOG_COMPILER_GENERATE_SWIFT_ASSET_SYMBOL_EXTENSIONS = YES;
				CLANG_ANALYZER_NONNULL = YES;
				CLANG_ANALYZER_NUMBER_OBJECT_CONVERSION = YES_AGGRESSIVE;
				CLANG_CXX_LANGUAGE_STANDARD = "gnu++20";
				CLANG_ENABLE_MODULES = YES;
				CLANG_ENABLE_OBJC_ARC = YES;
				CLANG_ENABLE_OBJC_WEAK = YES;
				CLANG_WARN_BLOCK_CAPTURE_AUTORELEASING = YES;
				CLANG_WARN_BOOL_CONVERSION = YES;
				CLANG_WARN_COMMA = YES;
				CLANG_WARN_CONSTANT_CONVERSION = YES;
				CLANG_WARN_DEPRECATED_OBJC_IMPLEMENTATIONS = YES;
				CLANG_WARN_DIRECT_OBJC_ISA_USAGE = YES_ERROR;
				CLANG_WARN_DOCUMENTATION_COMMENTS = YES;
				CLANG_WARN_EMPTY_BODY = YES;
				CLANG_WARN_ENUM_CONVERSION = YES;
				CLANG_WARN_INFINITE_RECURSION = YES;
				CLANG_WARN_INT_CONVERSION = YES;
				CLANG_WARN_NON_LITERAL_NULL_CONVERSION = YES;
				CLANG_WARN_OBJC_IMPLICIT_RETAIN_SELF = YES;
				CLANG_WARN_OBJC_LITERAL_CONVERSION = YES;
				CLANG_WARN_OBJC_ROOT_CLASS = YES_ERROR;
				CLANG_WARN_QUOTED_INCLUDE_IN_FRAMEWORK_HEADER = YES;
				CLANG_WARN_RANGE_LOOP_ANALYSIS = YES;
				CLANG_WARN_STRICT_PROTOTYPES = YES;
				CLANG_WARN_SUSPICIOUS_MOVE = YES;
				CLANG_WARN_UNGUARDED_AVAILABILITY = YES_AGGRESSIVE;
				CLANG_WARN_UNREACHABLE_CODE = YES;
				CLANG_WARN__DUPLICATE_METHOD_MATCH = YES;
				COPY_PHASE_STRIP = NO;
				DEBUG_INFORMATION_FORMAT = dwarf;
				ENABLE_STRICT_OBJC_MSGSEND = YES;
				ENABLE_TESTABILITY = YES;
				ENABLE_USER_SCRIPT_SANDBOXING = YES;
				GCC_C_LANGUAGE_STANDARD = gnu17;
				GCC_DYNAMIC_NO_PIC = NO;
				GCC_NO_COMMON_BLOCKS = YES;
				GCC_OPTIMIZATION_LEVEL = 0;
				GCC_PREPROCESSOR_DEFINITIONS = (
					"DEBUG=1",
					"$(inherited)",
				);
				GCC_WARN_64_TO_32_BIT_CONVERSION = YES;
				GCC_WARN_ABOUT_RETURN_TYPE = YES_ERROR;
				GCC_WARN_UNDECLARED_SELECTOR = YES;
				GCC_WARN_UNINITIALIZED_AUTOS = YES_AGGRESSIVE;
				GCC_WARN_UNUSED_FUNCTION = YES;
				GCC_WARN_UNUSED_VARIABLE = YES;
				LOCALIZATION_PREFERS_STRING_CATALOGS = YES;
				MTL_ENABLE_DEBUG_INFO = INCLUDE_SOURCE;
				MTL_FAST_MATH = YES;
				ONLY_ACTIVE_ARCH = YES;
				SWIFT_ACTIVE_COMPILATION_CONDITIONS = "DEBUG $(inherited)";
				SWIFT_OPTIMIZATION_LEVEL = "-Onone";
			};
			name = Debug;
		};
		263412702BCA54B600A16B44 /* Release */ = {
			isa = XCBuildConfiguration;
			buildSettings = {
				ALWAYS_SEARCH_USER_PATHS = NO;
				ASSETCATALOG_COMPILER_GENERATE_SWIFT_ASSET_SYMBOL_EXTENSIONS = YES;
				CLANG_ANALYZER_NONNULL = YES;
				CLANG_ANALYZER_NUMBER_OBJECT_CONVERSION = YES_AGGRESSIVE;
				CLANG_CXX_LANGUAGE_STANDARD = "gnu++20";
				CLANG_ENABLE_MODULES = YES;
				CLANG_ENABLE_OBJC_ARC = YES;
				CLANG_ENABLE_OBJC_WEAK = YES;
				CLANG_WARN_BLOCK_CAPTURE_AUTORELEASING = YES;
				CLANG_WARN_BOOL_CONVERSION = YES;
				CLANG_WARN_COMMA = YES;
				CLANG_WARN_CONSTANT_CONVERSION = YES;
				CLANG_WARN_DEPRECATED_OBJC_IMPLEMENTATIONS = YES;
				CLANG_WARN_DIRECT_OBJC_ISA_USAGE = YES_ERROR;
				CLANG_WARN_DOCUMENTATION_COMMENTS = YES;
				CLANG_WARN_EMPTY_BODY = YES;
				CLANG_WARN_ENUM_CONVERSION = YES;
				CLANG_WARN_INFINITE_RECURSION = YES;
				CLANG_WARN_INT_CONVERSION = YES;
				CLANG_WARN_NON_LITERAL_NULL_CONVERSION = YES;
				CLANG_WARN_OBJC_IMPLICIT_RETAIN_SELF = YES;
				CLANG_WARN_OBJC_LITERAL_CONVERSION = YES;
				CLANG_WARN_OBJC_ROOT_CLASS = YES_ERROR;
				CLANG_WARN_QUOTED_INCLUDE_IN_FRAMEWORK_HEADER = YES;
				CLANG_WARN_RANGE_LOOP_ANALYSIS = YES;
				CLANG_WARN_STRICT_PROTOTYPES = YES;
				CLANG_WARN_SUSPICIOUS_MOVE = YES;
				CLANG_WARN_UNGUARDED_AVAILABILITY = YES_AGGRESSIVE;
				CLANG_WARN_UNREACHABLE_CODE = YES;
				CLANG_WARN__DUPLICATE_METHOD_MATCH = YES;
				COPY_PHASE_STRIP = NO;
				DEBUG_INFORMATION_FORMAT = "dwarf-with-dsym";
				ENABLE_NS_ASSERTIONS = NO;
				ENABLE_STRICT_OBJC_MSGSEND = YES;
				ENABLE_USER_SCRIPT_SANDBOXING = YES;
				GCC_C_LANGUAGE_STANDARD = gnu17;
				GCC_NO_COMMON_BLOCKS = YES;
				GCC_WARN_64_TO_32_BIT_CONVERSION = YES;
				GCC_WARN_ABOUT_RETURN_TYPE = YES_ERROR;
				GCC_WARN_UNDECLARED_SELECTOR = YES;
				GCC_WARN_UNINITIALIZED_AUTOS = YES_AGGRESSIVE;
				GCC_WARN_UNUSED_FUNCTION = YES;
				GCC_WARN_UNUSED_VARIABLE = YES;
				LOCALIZATION_PREFERS_STRING_CATALOGS = YES;
				MTL_ENABLE_DEBUG_INFO = NO;
				MTL_FAST_MATH = YES;
				SWIFT_COMPILATION_MODE = wholemodule;
			};
			name = Release;
		};
		263412722BCA54B600A16B44 /* Debug */ = {
			isa = XCBuildConfiguration;
			buildSettings = {
				ASSETCATALOG_COMPILER_APPICON_NAME = AppIcon;
				ASSETCATALOG_COMPILER_GLOBAL_ACCENT_COLOR_NAME = AccentColor;
				CODE_SIGN_ENTITLEMENTS = varonMatris/varonMatris.entitlements;
				CODE_SIGN_STYLE = Automatic;
				CURRENT_PROJECT_VERSION = 1;
				DEVELOPMENT_ASSET_PATHS = "\"varonMatris/Preview Content\"";
				ENABLE_PREVIEWS = YES;
				GENERATE_INFOPLIST_FILE = YES;
				"INFOPLIST_KEY_UIApplicationSceneManifest_Generation[sdk=iphoneos*]" = YES;
				"INFOPLIST_KEY_UIApplicationSceneManifest_Generation[sdk=iphonesimulator*]" = YES;
				"INFOPLIST_KEY_UIApplicationSupportsIndirectInputEvents[sdk=iphoneos*]" = YES;
				"INFOPLIST_KEY_UIApplicationSupportsIndirectInputEvents[sdk=iphonesimulator*]" = YES;
				"INFOPLIST_KEY_UILaunchScreen_Generation[sdk=iphoneos*]" = YES;
				"INFOPLIST_KEY_UILaunchScreen_Generation[sdk=iphonesimulator*]" = YES;
				"INFOPLIST_KEY_UIStatusBarStyle[sdk=iphoneos*]" = UIStatusBarStyleDefault;
				"INFOPLIST_KEY_UIStatusBarStyle[sdk=iphonesimulator*]" = UIStatusBarStyleDefault;
				INFOPLIST_KEY_UISupportedInterfaceOrientations_iPad = "UIInterfaceOrientationPortrait UIInterfaceOrientationPortraitUpsideDown UIInterfaceOrientationLandscapeLeft UIInterfaceOrientationLandscapeRight";
				INFOPLIST_KEY_UISupportedInterfaceOrientations_iPhone = "UIInterfaceOrientationPortrait UIInterfaceOrientationLandscapeLeft UIInterfaceOrientationLandscapeRight";
				IPHONEOS_DEPLOYMENT_TARGET = 17.2;
				LD_RUNPATH_SEARCH_PATHS = "@executable_path/Frameworks";
				"LD_RUNPATH_SEARCH_PATHS[sdk=macosx*]" = "@executable_path/../Frameworks";
				MACOSX_DEPLOYMENT_TARGET = 14.0;
				MARKETING_VERSION = 1.0;
				PRODUCT_BUNDLE_IDENTIFIER = hy1lnc.varonMatris;
				PRODUCT_NAME = "$(TARGET_NAME)";
				SDKROOT = auto;
				SUPPORTED_PLATFORMS = "iphoneos iphonesimulator macosx";
				SWIFT_EMIT_LOC_STRINGS = YES;
				SWIFT_VERSION = 5.0;
				TARGETED_DEVICE_FAMILY = "1,2";
			};
			name = Debug;
		};
		263412732BCA54B600A16B44 /* Release */ = {
			isa = XCBuildConfiguration;
			buildSettings = {
				ASSETCATALOG_COMPILER_APPICON_NAME = AppIcon;
				ASSETCATALOG_COMPILER_GLOBAL_ACCENT_COLOR_NAME = AccentColor;
				CODE_SIGN_ENTITLEMENTS = varonMatris/varonMatris.entitlements;
				CODE_SIGN_STYLE = Automatic;
				CURRENT_PROJECT_VERSION = 1;
				DEVELOPMENT_ASSET_PATHS = "\"varonMatris/Preview Content\"";
				ENABLE_PREVIEWS = YES;
				GENERATE_INFOPLIST_FILE = YES;
				"INFOPLIST_KEY_UIApplicationSceneManifest_Generation[sdk=iphoneos*]" = YES;
				"INFOPLIST_KEY_UIApplicationSceneManifest_Generation[sdk=iphonesimulator*]" = YES;
				"INFOPLIST_KEY_UIApplicationSupportsIndirectInputEvents[sdk=iphoneos*]" = YES;
				"INFOPLIST_KEY_UIApplicationSupportsIndirectInputEvents[sdk=iphonesimulator*]" = YES;
				"INFOPLIST_KEY_UILaunchScreen_Generation[sdk=iphoneos*]" = YES;
				"INFOPLIST_KEY_UILaunchScreen_Generation[sdk=iphonesimulator*]" = YES;
				"INFOPLIST_KEY_UIStatusBarStyle[sdk=iphoneos*]" = UIStatusBarStyleDefault;
				"INFOPLIST_KEY_UIStatusBarStyle[sdk=iphonesimulator*]" = UIStatusBarStyleDefault;
				INFOPLIST_KEY_UISupportedInterfaceOrientations_iPad = "UIInterfaceOrientationPortrait UIInterfaceOrientationPortraitUpsideDown UIInterfaceOrientationLandscapeLeft UIInterfaceOrientationLandscapeRight";
				INFOPLIST_KEY_UISupportedInterfaceOrientations_iPhone = "UIInterfaceOrientationPortrait UIInterfaceOrientationLandscapeLeft UIInterfaceOrientationLandscapeRight";
				IPHONEOS_DEPLOYMENT_TARGET = 17.2;
				LD_RUNPATH_SEARCH_PATHS = "@executable_path/Frameworks";
				"LD_RUNPATH_SEARCH_PATHS[sdk=macosx*]" = "@executable_path/../Frameworks";
				MACOSX_DEPLOYMENT_TARGET = 14.0;
				MARKETING_VERSION = 1.0;
				PRODUCT_BUNDLE_IDENTIFIER = hy1lnc.varonMatris;
				PRODUCT_NAME = "$(TARGET_NAME)";
				SDKROOT = auto;
				SUPPORTED_PLATFORMS = "iphoneos iphonesimulator macosx";
				SWIFT_EMIT_LOC_STRINGS = YES;
				SWIFT_VERSION = 5.0;
				TARGETED_DEVICE_FAMILY = "1,2";
			};
			name = Release;
		};
		263412752BCA54B600A16B44 /* Debug */ = {
			isa = XCBuildConfiguration;
			buildSettings = {
				ALWAYS_EMBED_SWIFT_STANDARD_LIBRARIES = YES;
				BUNDLE_LOADER = "$(TEST_HOST)";
				CODE_SIGN_STYLE = Automatic;
				CURRENT_PROJECT_VERSION = 1;
				GENERATE_INFOPLIST_FILE = YES;
				IPHONEOS_DEPLOYMENT_TARGET = 17.2;
				MACOSX_DEPLOYMENT_TARGET = 14.0;
				MARKETING_VERSION = 1.0;
				PRODUCT_BUNDLE_IDENTIFIER = hy1lnc.varonMatrisTests;
				PRODUCT_NAME = "$(TARGET_NAME)";
				SDKROOT = auto;
				SUPPORTED_PLATFORMS = "iphoneos iphonesimulator macosx";
				SWIFT_EMIT_LOC_STRINGS = NO;
				SWIFT_VERSION = 5.0;
				TARGETED_DEVICE_FAMILY = "1,2";
				TEST_HOST = "$(BUILT_PRODUCTS_DIR)/varonMatris.app/$(BUNDLE_EXECUTABLE_FOLDER_PATH)/varonMatris";
			};
			name = Debug;
		};
		263412762BCA54B600A16B44 /* Release */ = {
			isa = XCBuildConfiguration;
			buildSettings = {
				ALWAYS_EMBED_SWIFT_STANDARD_LIBRARIES = YES;
				BUNDLE_LOADER = "$(TEST_HOST)";
				CODE_SIGN_STYLE = Automatic;
				CURRENT_PROJECT_VERSION = 1;
				GENERATE_INFOPLIST_FILE = YES;
				IPHONEOS_DEPLOYMENT_TARGET = 17.2;
				MACOSX_DEPLOYMENT_TARGET = 14.0;
				MARKETING_VERSION = 1.0;
				PRODUCT_BUNDLE_IDENTIFIER = hy1lnc.varonMatrisTests;
				PRODUCT_NAME = "$(TARGET_NAME)";
				SDKROOT = auto;
				SUPPORTED_PLATFORMS = "iphoneos iphonesimulator macosx";
				SWIFT_EMIT_LOC_STRINGS = NO;
				SWIFT_VERSION = 5.0;
				TARGETED_DEVICE_FAMILY = "1,2";
				TEST_HOST = "$(BUILT_PRODUCTS_DIR)/varonMatris.app/$(BUNDLE_EXECUTABLE_FOLDER_PATH)/varonMatris";
			};
			name = Release;
		};
		263412782BCA54B600A16B44 /* Debug */ = {
			isa = XCBuildConfiguration;
			buildSettings = {
				ALWAYS_EMBED_SWIFT_STANDARD_LIBRARIES = YES;
				CODE_SIGN_STYLE = Automatic;
				CURRENT_PROJECT_VERSION = 1;
				GENERATE_INFOPLIST_FILE = YES;
				IPHONEOS_DEPLOYMENT_TARGET = 17.2;
				MACOSX_DEPLOYMENT_TARGET = 14.0;
				MARKETING_VERSION = 1.0;
				PRODUCT_BUNDLE_IDENTIFIER = hy1lnc.varonMatrisUITests;
				PRODUCT_NAME = "$(TARGET_NAME)";
				SDKROOT = auto;
				SUPPORTED_PLATFORMS = "iphoneos iphonesimulator macosx";
				SWIFT_EMIT_LOC_STRINGS = NO;
				SWIFT_VERSION = 5.0;
				TARGETED_DEVICE_FAMILY = "1,2";
				TEST_TARGET_NAME = varonMatris;
			};
			name = Debug;
		};
		263412792BCA54B600A16B44 /* Release */ = {
			isa = XCBuildConfiguration;
			buildSettings = {
				ALWAYS_EMBED_SWIFT_STANDARD_LIBRARIES = YES;
				CODE_SIGN_STYLE = Automatic;
				CURRENT_PROJECT_VERSION = 1;
				GENERATE_INFOPLIST_FILE = YES;
				IPHONEOS_DEPLOYMENT_TARGET = 17.2;
				MACOSX_DEPLOYMENT_TARGET = 14.0;
				MARKETING_VERSION = 1.0;
				PRODUCT_BUNDLE_IDENTIFIER = hy1lnc.varonMatrisUITests;
				PRODUCT_NAME = "$(TARGET_NAME)";
				SDKROOT = auto;
				SUPPORTED_PLATFORMS = "iphoneos iphonesimulator macosx";
				SWIFT_EMIT_LOC_STRINGS = NO;
				SWIFT_VERSION = 5.0;
				TARGETED_DEVICE_FAMILY = "1,2";
				TEST_TARGET_NAME = varonMatris;
			};
			name = Release;
		};
/* End XCBuildConfiguration section */

/* Begin XCConfigurationList section */
		263412472BCA54B300A16B44 /* Build configuration list for PBXProject "varonMatris" */ = {
			isa = XCConfigurationList;
			buildConfigurations = (
				2634126F2BCA54B600A16B44 /* Debug */,
				263412702BCA54B600A16B44 /* Release */,
			);
			defaultConfigurationIsVisible = 0;
			defaultConfigurationName = Release;
		};
		263412712BCA54B600A16B44 /* Build configuration list for PBXNativeTarget "varonMatris" */ = {
			isa = XCConfigurationList;
			buildConfigurations = (
				263412722BCA54B600A16B44 /* Debug */,
				263412732BCA54B600A16B44 /* Release */,
			);
			defaultConfigurationIsVisible = 0;
			defaultConfigurationName = Release;
		};
		263412742BCA54B600A16B44 /* Build configuration list for PBXNativeTarget "varonMatrisTests" */ = {
			isa = XCConfigurationList;
			buildConfigurations = (
				263412752BCA54B600A16B44 /* Debug */,
				263412762BCA54B600A16B44 /* Release */,
			);
			defaultConfigurationIsVisible = 0;
			defaultConfigurationName = Release;
		};
		263412772BCA54B600A16B44 /* Build configuration list for PBXNativeTarget "varonMatrisUITests" */ = {
			isa = XCConfigurationList;
			buildConfigurations = (
				263412782BCA54B600A16B44 /* Debug */,
				263412792BCA54B600A16B44 /* Release */,
			);
			defaultConfigurationIsVisible = 0;
			defaultConfigurationName = Release;
		};
/* End XCConfigurationList section */
	};
	rootObject = 263412442BCA54B300A16B44 /* Project object */;
}
